
Microsoft Visual Studio Solution File, Format Version 12.00
# Visual Studio Version 17
VisualStudioVersion = 17.0.31903.59
MinimumVisualStudioVersion = 10.0.40219.1
Project("{2150E333-8FDC-42A3-9474-1A3956D46DE8}") = "src", "src", "{827E0CD3-B72D-47B6-A68D-7590B98EB39B}"
EndProject
Project("{FAE04EC0-301F-11D3-BF4B-00C04F79EFBC}") = "McpServerManager.Android", "src\McpServerManager.Android\McpServerManager.Android.csproj", "{78112B44-C270-498E-A351-D84895155616}"
EndProject
Project("{FAE04EC0-301F-11D3-BF4B-00C04F79EFBC}") = "McpServerManager.Core", "src\McpServerManager.Core\McpServerManager.Core.csproj", "{83769541-6700-499B-A1A0-48923C8B5019}"
EndProject
Project("{FAE04EC0-301F-11D3-BF4B-00C04F79EFBC}") = "McpServerManager.Desktop", "src\McpServerManager.Desktop\McpServerManager.Desktop.csproj", "{273D7CE9-5F81-4936-9BD9-6E8EA11C6983}"
EndProject
Project("{FAE04EC0-301F-11D3-BF4B-00C04F79EFBC}") = "McpServerManager", "src\McpServerManager\McpServerManager.csproj", "{07190C6A-D6DB-4D82-86BD-7D41525367A2}"
EndProject
Project("{2150E333-8FDC-42A3-9474-1A3956D46DE8}") = "tests", "tests", "{0AB3BF05-4346-4AA6-1389-037BE0695223}"
EndProject
Project("{FAE04EC0-301F-11D3-BF4B-00C04F79EFBC}") = "McpServerManager.Core.Tests", "tests\McpServerManager.Core.Tests\McpServerManager.Core.Tests.csproj", "{7DB7FB1D-4D52-4C70-B53C-77C0B3F56AF7}"
EndProject
Project("{FAE04EC0-301F-11D3-BF4B-00C04F79EFBC}") = "McpServerManager.Desktop.Tests", "tests\McpServerManager.Desktop.Tests\McpServerManager.Desktop.Tests.csproj", "{BE32426E-CF8B-456A-9ECF-C6B0B86D9E06}"
EndProject
Project("{FAE04EC0-301F-11D3-BF4B-00C04F79EFBC}") = "McpServerManager.Director", "src\McpServerManager.Director\McpServerManager.Director.csproj", "{70ECE9D3-2EFF-4F86-80EB-469FDA54B766}"
EndProject
Project("{FAE04EC0-301F-11D3-BF4B-00C04F79EFBC}") = "McpServerManager.Director.Tests", "tests\McpServerManager.Director.Tests\McpServerManager.Director.Tests.csproj", "{D75F9B0E-10BF-478C-9686-D0D93E07F52F}"
EndProject
Project("{FAE04EC0-301F-11D3-BF4B-00C04F79EFBC}") = "McpServerManager.UI.Core", "src\McpServerManager.UI.Core\McpServerManager.UI.Core.csproj", "{06A7954B-ABCC-4B26-9E62-C33805E95B05}"
EndProject
Project("{FAE04EC0-301F-11D3-BF4B-00C04F79EFBC}") = "McpServerManager.UI.Core.Tests", "tests\McpServerManager.UI.Core.Tests\McpServerManager.UI.Core.Tests.csproj", "{C7719CB4-7A83-49F0-BEC1-CC9E58D6E63A}"
EndProject
Project("{FAE04EC0-301F-11D3-BF4B-00C04F79EFBC}") = "McpServerManager.Web", "src\McpServerManager.Web\McpServerManager.Web.csproj", "{35C8624A-C62D-4ACD-99BB-95B7D0C126C9}"
EndProject
Project("{FAE04EC0-301F-11D3-BF4B-00C04F79EFBC}") = "McpServerManager.Web.Tests", "tests\McpServerManager.Web.Tests\McpServerManager.Web.Tests.csproj", "{CD647A2C-5368-4985-9D4A-31EB241D36A3}"
EndProject
Project("{FAE04EC0-301F-11D3-BF4B-00C04F79EFBC}") = "McpServerManager.VsExtension.McpTodo.Vsix", "src\McpServerManager.VsExtension.McpTodo.Vsix\McpServerManager.VsExtension.McpTodo.Vsix.csproj", "{BB67A46F-725F-4BCF-943E-2AFF677AB544}"
EndProject
Global
	GlobalSection(SolutionConfigurationPlatforms) = preSolution
		Debug|Any CPU = Debug|Any CPU
		Debug|x64 = Debug|x64
		Debug|x86 = Debug|x86
		Release|Any CPU = Release|Any CPU
		Release|x64 = Release|x64
		Release|x86 = Release|x86
	EndGlobalSection
	GlobalSection(ProjectConfigurationPlatforms) = postSolution
		{78112B44-C270-498E-A351-D84895155616}.Debug|Any CPU.ActiveCfg = Debug|Any CPU
		{78112B44-C270-498E-A351-D84895155616}.Debug|Any CPU.Build.0 = Debug|Any CPU
		{78112B44-C270-498E-A351-D84895155616}.Debug|x64.ActiveCfg = Debug|Any CPU
		{78112B44-C270-498E-A351-D84895155616}.Debug|x64.Build.0 = Debug|Any CPU
		{78112B44-C270-498E-A351-D84895155616}.Debug|x86.ActiveCfg = Debug|Any CPU
		{78112B44-C270-498E-A351-D84895155616}.Debug|x86.Build.0 = Debug|Any CPU
		{78112B44-C270-498E-A351-D84895155616}.Release|Any CPU.ActiveCfg = Release|Any CPU
		{78112B44-C270-498E-A351-D84895155616}.Release|Any CPU.Build.0 = Release|Any CPU
		{78112B44-C270-498E-A351-D84895155616}.Release|x64.ActiveCfg = Release|Any CPU
		{78112B44-C270-498E-A351-D84895155616}.Release|x64.Build.0 = Release|Any CPU
		{78112B44-C270-498E-A351-D84895155616}.Release|x86.ActiveCfg = Release|Any CPU
		{78112B44-C270-498E-A351-D84895155616}.Release|x86.Build.0 = Release|Any CPU
		{83769541-6700-499B-A1A0-48923C8B5019}.Debug|Any CPU.ActiveCfg = Debug|Any CPU
		{83769541-6700-499B-A1A0-48923C8B5019}.Debug|Any CPU.Build.0 = Debug|Any CPU
		{83769541-6700-499B-A1A0-48923C8B5019}.Debug|x64.ActiveCfg = Debug|Any CPU
		{83769541-6700-499B-A1A0-48923C8B5019}.Debug|x64.Build.0 = Debug|Any CPU
		{83769541-6700-499B-A1A0-48923C8B5019}.Debug|x86.ActiveCfg = Debug|Any CPU
		{83769541-6700-499B-A1A0-48923C8B5019}.Debug|x86.Build.0 = Debug|Any CPU
		{83769541-6700-499B-A1A0-48923C8B5019}.Release|Any CPU.ActiveCfg = Release|Any CPU
		{83769541-6700-499B-A1A0-48923C8B5019}.Release|Any CPU.Build.0 = Release|Any CPU
		{83769541-6700-499B-A1A0-48923C8B5019}.Release|x64.ActiveCfg = Release|Any CPU
		{83769541-6700-499B-A1A0-48923C8B5019}.Release|x64.Build.0 = Release|Any CPU
		{83769541-6700-499B-A1A0-48923C8B5019}.Release|x86.ActiveCfg = Release|Any CPU
		{83769541-6700-499B-A1A0-48923C8B5019}.Release|x86.Build.0 = Release|Any CPU
		{273D7CE9-5F81-4936-9BD9-6E8EA11C6983}.Debug|Any CPU.ActiveCfg = Debug|Any CPU
		{273D7CE9-5F81-4936-9BD9-6E8EA11C6983}.Debug|Any CPU.Build.0 = Debug|Any CPU
		{273D7CE9-5F81-4936-9BD9-6E8EA11C6983}.Debug|x64.ActiveCfg = Debug|Any CPU
		{273D7CE9-5F81-4936-9BD9-6E8EA11C6983}.Debug|x64.Build.0 = Debug|Any CPU
		{273D7CE9-5F81-4936-9BD9-6E8EA11C6983}.Debug|x86.ActiveCfg = Debug|Any CPU
		{273D7CE9-5F81-4936-9BD9-6E8EA11C6983}.Debug|x86.Build.0 = Debug|Any CPU
		{273D7CE9-5F81-4936-9BD9-6E8EA11C6983}.Release|Any CPU.ActiveCfg = Release|Any CPU
		{273D7CE9-5F81-4936-9BD9-6E8EA11C6983}.Release|Any CPU.Build.0 = Release|Any CPU
		{273D7CE9-5F81-4936-9BD9-6E8EA11C6983}.Release|x64.ActiveCfg = Release|Any CPU
		{273D7CE9-5F81-4936-9BD9-6E8EA11C6983}.Release|x64.Build.0 = Release|Any CPU
		{273D7CE9-5F81-4936-9BD9-6E8EA11C6983}.Release|x86.ActiveCfg = Release|Any CPU
		{273D7CE9-5F81-4936-9BD9-6E8EA11C6983}.Release|x86.Build.0 = Release|Any CPU
		{07190C6A-D6DB-4D82-86BD-7D41525367A2}.Debug|Any CPU.ActiveCfg = Debug|Any CPU
		{07190C6A-D6DB-4D82-86BD-7D41525367A2}.Debug|Any CPU.Build.0 = Debug|Any CPU
		{07190C6A-D6DB-4D82-86BD-7D41525367A2}.Debug|x64.ActiveCfg = Debug|Any CPU
		{07190C6A-D6DB-4D82-86BD-7D41525367A2}.Debug|x64.Build.0 = Debug|Any CPU
		{07190C6A-D6DB-4D82-86BD-7D41525367A2}.Debug|x86.ActiveCfg = Debug|Any CPU
		{07190C6A-D6DB-4D82-86BD-7D41525367A2}.Debug|x86.Build.0 = Debug|Any CPU
		{07190C6A-D6DB-4D82-86BD-7D41525367A2}.Release|Any CPU.ActiveCfg = Release|Any CPU
		{07190C6A-D6DB-4D82-86BD-7D41525367A2}.Release|Any CPU.Build.0 = Release|Any CPU
		{07190C6A-D6DB-4D82-86BD-7D41525367A2}.Release|x64.ActiveCfg = Release|Any CPU
		{07190C6A-D6DB-4D82-86BD-7D41525367A2}.Release|x64.Build.0 = Release|Any CPU
		{07190C6A-D6DB-4D82-86BD-7D41525367A2}.Release|x86.ActiveCfg = Release|Any CPU
		{07190C6A-D6DB-4D82-86BD-7D41525367A2}.Release|x86.Build.0 = Release|Any CPU
		{7DB7FB1D-4D52-4C70-B53C-77C0B3F56AF7}.Debug|Any CPU.ActiveCfg = Debug|Any CPU
		{7DB7FB1D-4D52-4C70-B53C-77C0B3F56AF7}.Debug|Any CPU.Build.0 = Debug|Any CPU
		{7DB7FB1D-4D52-4C70-B53C-77C0B3F56AF7}.Debug|x64.ActiveCfg = Debug|Any CPU
		{7DB7FB1D-4D52-4C70-B53C-77C0B3F56AF7}.Debug|x64.Build.0 = Debug|Any CPU
		{7DB7FB1D-4D52-4C70-B53C-77C0B3F56AF7}.Debug|x86.ActiveCfg = Debug|Any CPU
		{7DB7FB1D-4D52-4C70-B53C-77C0B3F56AF7}.Debug|x86.Build.0 = Debug|Any CPU
		{7DB7FB1D-4D52-4C70-B53C-77C0B3F56AF7}.Release|Any CPU.ActiveCfg = Release|Any CPU
		{7DB7FB1D-4D52-4C70-B53C-77C0B3F56AF7}.Release|Any CPU.Build.0 = Release|Any CPU
		{7DB7FB1D-4D52-4C70-B53C-77C0B3F56AF7}.Release|x64.ActiveCfg = Release|Any CPU
		{7DB7FB1D-4D52-4C70-B53C-77C0B3F56AF7}.Release|x64.Build.0 = Release|Any CPU
		{7DB7FB1D-4D52-4C70-B53C-77C0B3F56AF7}.Release|x86.ActiveCfg = Release|Any CPU
		{7DB7FB1D-4D52-4C70-B53C-77C0B3F56AF7}.Release|x86.Build.0 = Release|Any CPU
		{BE32426E-CF8B-456A-9ECF-C6B0B86D9E06}.Debug|Any CPU.ActiveCfg = Debug|Any CPU
		{BE32426E-CF8B-456A-9ECF-C6B0B86D9E06}.Debug|Any CPU.Build.0 = Debug|Any CPU
		{BE32426E-CF8B-456A-9ECF-C6B0B86D9E06}.Debug|x64.ActiveCfg = Debug|Any CPU
		{BE32426E-CF8B-456A-9ECF-C6B0B86D9E06}.Debug|x64.Build.0 = Debug|Any CPU
		{BE32426E-CF8B-456A-9ECF-C6B0B86D9E06}.Debug|x86.ActiveCfg = Debug|Any CPU
		{BE32426E-CF8B-456A-9ECF-C6B0B86D9E06}.Debug|x86.Build.0 = Debug|Any CPU
		{BE32426E-CF8B-456A-9ECF-C6B0B86D9E06}.Release|Any CPU.ActiveCfg = Release|Any CPU
		{BE32426E-CF8B-456A-9ECF-C6B0B86D9E06}.Release|Any CPU.Build.0 = Release|Any CPU
		{BE32426E-CF8B-456A-9ECF-C6B0B86D9E06}.Release|x64.ActiveCfg = Release|Any CPU
		{BE32426E-CF8B-456A-9ECF-C6B0B86D9E06}.Release|x64.Build.0 = Release|Any CPU
		{BE32426E-CF8B-456A-9ECF-C6B0B86D9E06}.Release|x86.ActiveCfg = Release|Any CPU
		{BE32426E-CF8B-456A-9ECF-C6B0B86D9E06}.Release|x86.Build.0 = Release|Any CPU
		{70ECE9D3-2EFF-4F86-80EB-469FDA54B766}.Debug|Any CPU.ActiveCfg = Debug|Any CPU
		{70ECE9D3-2EFF-4F86-80EB-469FDA54B766}.Debug|Any CPU.Build.0 = Debug|Any CPU
		{70ECE9D3-2EFF-4F86-80EB-469FDA54B766}.Debug|x64.ActiveCfg = Debug|Any CPU
		{70ECE9D3-2EFF-4F86-80EB-469FDA54B766}.Debug|x64.Build.0 = Debug|Any CPU
		{70ECE9D3-2EFF-4F86-80EB-469FDA54B766}.Debug|x86.ActiveCfg = Debug|Any CPU
		{70ECE9D3-2EFF-4F86-80EB-469FDA54B766}.Debug|x86.Build.0 = Debug|Any CPU
		{70ECE9D3-2EFF-4F86-80EB-469FDA54B766}.Release|Any CPU.ActiveCfg = Release|Any CPU
		{70ECE9D3-2EFF-4F86-80EB-469FDA54B766}.Release|Any CPU.Build.0 = Release|Any CPU
		{70ECE9D3-2EFF-4F86-80EB-469FDA54B766}.Release|x64.ActiveCfg = Release|Any CPU
		{70ECE9D3-2EFF-4F86-80EB-469FDA54B766}.Release|x64.Build.0 = Release|Any CPU
		{70ECE9D3-2EFF-4F86-80EB-469FDA54B766}.Release|x86.ActiveCfg = Release|Any CPU
		{70ECE9D3-2EFF-4F86-80EB-469FDA54B766}.Release|x86.Build.0 = Release|Any CPU
		{D75F9B0E-10BF-478C-9686-D0D93E07F52F}.Debug|Any CPU.ActiveCfg = Debug|Any CPU
		{D75F9B0E-10BF-478C-9686-D0D93E07F52F}.Debug|Any CPU.Build.0 = Debug|Any CPU
		{D75F9B0E-10BF-478C-9686-D0D93E07F52F}.Debug|x64.ActiveCfg = Debug|Any CPU
		{D75F9B0E-10BF-478C-9686-D0D93E07F52F}.Debug|x64.Build.0 = Debug|Any CPU
		{D75F9B0E-10BF-478C-9686-D0D93E07F52F}.Debug|x86.ActiveCfg = Debug|Any CPU
		{D75F9B0E-10BF-478C-9686-D0D93E07F52F}.Debug|x86.Build.0 = Debug|Any CPU
		{D75F9B0E-10BF-478C-9686-D0D93E07F52F}.Release|Any CPU.ActiveCfg = Release|Any CPU
		{D75F9B0E-10BF-478C-9686-D0D93E07F52F}.Release|Any CPU.Build.0 = Release|Any CPU
		{D75F9B0E-10BF-478C-9686-D0D93E07F52F}.Release|x64.ActiveCfg = Release|Any CPU
		{D75F9B0E-10BF-478C-9686-D0D93E07F52F}.Release|x64.Build.0 = Release|Any CPU
		{D75F9B0E-10BF-478C-9686-D0D93E07F52F}.Release|x86.ActiveCfg = Release|Any CPU
		{D75F9B0E-10BF-478C-9686-D0D93E07F52F}.Release|x86.Build.0 = Release|Any CPU
		{06A7954B-ABCC-4B26-9E62-C33805E95B05}.Debug|Any CPU.ActiveCfg = Debug|Any CPU
		{06A7954B-ABCC-4B26-9E62-C33805E95B05}.Debug|Any CPU.Build.0 = Debug|Any CPU
		{06A7954B-ABCC-4B26-9E62-C33805E95B05}.Debug|x64.ActiveCfg = Debug|Any CPU
		{06A7954B-ABCC-4B26-9E62-C33805E95B05}.Debug|x64.Build.0 = Debug|Any CPU
		{06A7954B-ABCC-4B26-9E62-C33805E95B05}.Debug|x86.ActiveCfg = Debug|Any CPU
		{06A7954B-ABCC-4B26-9E62-C33805E95B05}.Debug|x86.Build.0 = Debug|Any CPU
		{06A7954B-ABCC-4B26-9E62-C33805E95B05}.Release|Any CPU.ActiveCfg = Release|Any CPU
		{06A7954B-ABCC-4B26-9E62-C33805E95B05}.Release|Any CPU.Build.0 = Release|Any CPU
		{06A7954B-ABCC-4B26-9E62-C33805E95B05}.Release|x64.ActiveCfg = Release|Any CPU
		{06A7954B-ABCC-4B26-9E62-C33805E95B05}.Release|x64.Build.0 = Release|Any CPU
		{06A7954B-ABCC-4B26-9E62-C33805E95B05}.Release|x86.ActiveCfg = Release|Any CPU
		{06A7954B-ABCC-4B26-9E62-C33805E95B05}.Release|x86.Build.0 = Release|Any CPU
		{C7719CB4-7A83-49F0-BEC1-CC9E58D6E63A}.Debug|Any CPU.ActiveCfg = Debug|Any CPU
		{C7719CB4-7A83-49F0-BEC1-CC9E58D6E63A}.Debug|Any CPU.Build.0 = Debug|Any CPU
		{C7719CB4-7A83-49F0-BEC1-CC9E58D6E63A}.Debug|x64.ActiveCfg = Debug|x64
		{C7719CB4-7A83-49F0-BEC1-CC9E58D6E63A}.Debug|x64.Build.0 = Debug|x64
		{C7719CB4-7A83-49F0-BEC1-CC9E58D6E63A}.Debug|x86.ActiveCfg = Debug|x86
		{C7719CB4-7A83-49F0-BEC1-CC9E58D6E63A}.Debug|x86.Build.0 = Debug|x86
		{C7719CB4-7A83-49F0-BEC1-CC9E58D6E63A}.Release|Any CPU.ActiveCfg = Release|Any CPU
		{C7719CB4-7A83-49F0-BEC1-CC9E58D6E63A}.Release|Any CPU.Build.0 = Release|Any CPU
		{C7719CB4-7A83-49F0-BEC1-CC9E58D6E63A}.Release|x64.ActiveCfg = Release|x64
		{C7719CB4-7A83-49F0-BEC1-CC9E58D6E63A}.Release|x64.Build.0 = Release|x64
		{C7719CB4-7A83-49F0-BEC1-CC9E58D6E63A}.Release|x86.ActiveCfg = Release|x86
		{C7719CB4-7A83-49F0-BEC1-CC9E58D6E63A}.Release|x86.Build.0 = Release|x86
		{35C8624A-C62D-4ACD-99BB-95B7D0C126C9}.Debug|Any CPU.ActiveCfg = Debug|Any CPU
		{35C8624A-C62D-4ACD-99BB-95B7D0C126C9}.Debug|Any CPU.Build.0 = Debug|Any CPU
		{35C8624A-C62D-4ACD-99BB-95B7D0C126C9}.Debug|x64.ActiveCfg = Debug|x64
		{35C8624A-C62D-4ACD-99BB-95B7D0C126C9}.Debug|x64.Build.0 = Debug|x64
		{35C8624A-C62D-4ACD-99BB-95B7D0C126C9}.Debug|x86.ActiveCfg = Debug|x86
		{35C8624A-C62D-4ACD-99BB-95B7D0C126C9}.Debug|x86.Build.0 = Debug|x86
		{35C8624A-C62D-4ACD-99BB-95B7D0C126C9}.Release|Any CPU.ActiveCfg = Release|Any CPU
		{35C8624A-C62D-4ACD-99BB-95B7D0C126C9}.Release|Any CPU.Build.0 = Release|Any CPU
		{35C8624A-C62D-4ACD-99BB-95B7D0C126C9}.Release|x64.ActiveCfg = Release|x64
		{35C8624A-C62D-4ACD-99BB-95B7D0C126C9}.Release|x64.Build.0 = Release|x64
		{35C8624A-C62D-4ACD-99BB-95B7D0C126C9}.Release|x86.ActiveCfg = Release|x86
		{35C8624A-C62D-4ACD-99BB-95B7D0C126C9}.Release|x86.Build.0 = Release|x86
		{CD647A2C-5368-4985-9D4A-31EB241D36A3}.Debug|Any CPU.ActiveCfg = Debug|Any CPU
		{CD647A2C-5368-4985-9D4A-31EB241D36A3}.Debug|Any CPU.Build.0 = Debug|Any CPU
		{CD647A2C-5368-4985-9D4A-31EB241D36A3}.Debug|x64.ActiveCfg = Debug|x64
		{CD647A2C-5368-4985-9D4A-31EB241D36A3}.Debug|x64.Build.0 = Debug|x64
		{CD647A2C-5368-4985-9D4A-31EB241D36A3}.Debug|x86.ActiveCfg = Debug|x86
		{CD647A2C-5368-4985-9D4A-31EB241D36A3}.Debug|x86.Build.0 = Debug|x86
		{CD647A2C-5368-4985-9D4A-31EB241D36A3}.Release|Any CPU.ActiveCfg = Release|Any CPU
		{CD647A2C-5368-4985-9D4A-31EB241D36A3}.Release|Any CPU.Build.0 = Release|Any CPU
		{CD647A2C-5368-4985-9D4A-31EB241D36A3}.Release|x64.ActiveCfg = Release|x64
		{CD647A2C-5368-4985-9D4A-31EB241D36A3}.Release|x64.Build.0 = Release|x64
		{CD647A2C-5368-4985-9D4A-31EB241D36A3}.Release|x86.ActiveCfg = Release|x86
		{CD647A2C-5368-4985-9D4A-31EB241D36A3}.Release|x86.Build.0 = Release|x86
		{BB67A46F-725F-4BCF-943E-2AFF677AB544}.Debug|Any CPU.ActiveCfg = Debug|Any CPU
		{BB67A46F-725F-4BCF-943E-2AFF677AB544}.Debug|Any CPU.Build.0 = Debug|Any CPU
		{BB67A46F-725F-4BCF-943E-2AFF677AB544}.Debug|x64.ActiveCfg = Debug|Any CPU
		{BB67A46F-725F-4BCF-943E-2AFF677AB544}.Debug|x64.Build.0 = Debug|Any CPU
		{BB67A46F-725F-4BCF-943E-2AFF677AB544}.Debug|x86.ActiveCfg = Debug|Any CPU
		{BB67A46F-725F-4BCF-943E-2AFF677AB544}.Debug|x86.Build.0 = Debug|Any CPU
		{BB67A46F-725F-4BCF-943E-2AFF677AB544}.Release|Any CPU.ActiveCfg = Release|Any CPU
		{BB67A46F-725F-4BCF-943E-2AFF677AB544}.Release|Any CPU.Build.0 = Release|Any CPU
		{BB67A46F-725F-4BCF-943E-2AFF677AB544}.Release|x64.ActiveCfg = Release|Any CPU
		{BB67A46F-725F-4BCF-943E-2AFF677AB544}.Release|x64.Build.0 = Release|Any CPU
		{BB67A46F-725F-4BCF-943E-2AFF677AB544}.Release|x86.ActiveCfg = Release|Any CPU
		{BB67A46F-725F-4BCF-943E-2AFF677AB544}.Release|x86.Build.0 = Release|Any CPU
	EndGlobalSection
	GlobalSection(SolutionProperties) = preSolution
		HideSolutionNode = FALSE
	EndGlobalSection
	GlobalSection(NestedProjects) = preSolution
		{78112B44-C270-498E-A351-D84895155616} = {827E0CD3-B72D-47B6-A68D-7590B98EB39B}
		{83769541-6700-499B-A1A0-48923C8B5019} = {827E0CD3-B72D-47B6-A68D-7590B98EB39B}
		{273D7CE9-5F81-4936-9BD9-6E8EA11C6983} = {827E0CD3-B72D-47B6-A68D-7590B98EB39B}
		{07190C6A-D6DB-4D82-86BD-7D41525367A2} = {827E0CD3-B72D-47B6-A68D-7590B98EB39B}
		{7DB7FB1D-4D52-4C70-B53C-77C0B3F56AF7} = {0AB3BF05-4346-4AA6-1389-037BE0695223}
		{BE32426E-CF8B-456A-9ECF-C6B0B86D9E06} = {0AB3BF05-4346-4AA6-1389-037BE0695223}
		{70ECE9D3-2EFF-4F86-80EB-469FDA54B766} = {827E0CD3-B72D-47B6-A68D-7590B98EB39B}
		{D75F9B0E-10BF-478C-9686-D0D93E07F52F} = {0AB3BF05-4346-4AA6-1389-037BE0695223}
		{06A7954B-ABCC-4B26-9E62-C33805E95B05} = {827E0CD3-B72D-47B6-A68D-7590B98EB39B}
		{C7719CB4-7A83-49F0-BEC1-CC9E58D6E63A} = {0AB3BF05-4346-4AA6-1389-037BE0695223}
		{35C8624A-C62D-4ACD-99BB-95B7D0C126C9} = {827E0CD3-B72D-47B6-A68D-7590B98EB39B}
		{CD647A2C-5368-4985-9D4A-31EB241D36A3} = {0AB3BF05-4346-4AA6-1389-037BE0695223}
		{BB67A46F-725F-4BCF-943E-2AFF677AB544} = {827E0CD3-B72D-47B6-A68D-7590B98EB39B}
	EndGlobalSection
EndGlobal
