
Microsoft Visual Studio Solution File, Format Version 12.00
# Visual Studio Version 17
VisualStudioVersion = 17.0.31903.59
MinimumVisualStudioVersion = 10.0.40219.1
Project("{2150E333-8FDC-42A3-9474-1A3956D46DE8}") = "src", "src", "{827E0CD3-B72D-47B6-A68D-7590B98EB39B}"
EndProject
Project("{FAE04EC0-301F-11D3-BF4B-00C04F79EFBC}") = "McpServerManager.Android", "src\McpServerManager.Android\McpServerManager.Android.csproj", "{78112B44-C270-498E-A351-D84895155616}"
EndProject
Project("{FAE04EC0-301F-11D3-BF4B-00C04F79EFBC}") = "McpServerManager.Core", "src\McpServerManager.Core\McpServerManager.Core.csproj", "{83769541-6700-499B-A1A0-48923C8B5019}"
EndProject
Project("{2150E333-8FDC-42A3-9474-1A3956D46DE8}") = "lib", "lib", "{3A8DF596-E814-FECC-DD4B-D8EF8AAC1A0D}"
EndProject
Project("{2150E333-8FDC-42A3-9474-1A3956D46DE8}") = "McpServer", "McpServer", "{AC2490A8-6721-B82B-8F37-115021953299}"
EndProject
Project("{2150E333-8FDC-42A3-9474-1A3956D46DE8}") = "src", "src", "{6AF42076-EE0C-549E-06B8-456F4C7181C1}"
EndProject
Project("{FAE04EC0-301F-11D3-BF4B-00C04F79EFBC}") = "McpServer.Client", "lib\McpServer\src\McpServer.Client\McpServer.Client.csproj", "{2EFD8689-5023-4EE9-A40B-0EF5D8495C93}"
EndProject
Project("{FAE04EC0-301F-11D3-BF4B-00C04F79EFBC}") = "McpServer.UI.Core", "src\McpServer.UI.Core\McpServer.UI.Core.csproj", "{88B903EE-8429-4169-84BD-B82BACCF055A}"
EndProject
Project("{FAE04EC0-301F-11D3-BF4B-00C04F79EFBC}") = "McpServer.Cqrs.Mvvm", "lib\McpServer\src\McpServer.Cqrs.Mvvm\McpServer.Cqrs.Mvvm.csproj", "{40882868-2920-499E-AEDF-0EA3D317A38A}"
EndProject
Project("{FAE04EC0-301F-11D3-BF4B-00C04F79EFBC}") = "McpServer.Cqrs", "lib\McpServer\src\McpServer.Cqrs\McpServer.Cqrs.csproj", "{CAAE8835-02FF-415E-BF84-20586FB3F604}"
EndProject
Project("{FAE04EC0-301F-11D3-BF4B-00C04F79EFBC}") = "McpServerManager.Desktop", "src\McpServerManager.Desktop\McpServerManager.Desktop.csproj", "{273D7CE9-5F81-4936-9BD9-6E8EA11C6983}"
EndProject
Project("{FAE04EC0-301F-11D3-BF4B-00C04F79EFBC}") = "McpServerManager", "src\McpServerManager\McpServerManager.csproj", "{07190C6A-D6DB-4D82-86BD-7D41525367A2}"
EndProject
Project("{2150E333-8FDC-42A3-9474-1A3956D46DE8}") = "tests", "tests", "{0AB3BF05-4346-4AA6-1389-037BE0695223}"
EndProject
Project("{FAE04EC0-301F-11D3-BF4B-00C04F79EFBC}") = "McpServer.Director.Tests", "tests\McpServer.Director.Tests\McpServer.Director.Tests.csproj", "{9E2D7E5E-5614-48B4-AC36-5DD2628D9420}"
EndProject
Project("{FAE04EC0-301F-11D3-BF4B-00C04F79EFBC}") = "McpServer.Director", "src\McpServer.Director\McpServer.Director.csproj", "{58E90F86-2A43-4DDF-B325-5EABE459D20D}"
EndProject
Project("{FAE04EC0-301F-11D3-BF4B-00C04F79EFBC}") = "McpServer.UI.Core.Tests", "tests\McpServer.UI.Core.Tests\McpServer.UI.Core.Tests.csproj", "{B3E9DEF7-D94A-43D2-B86B-C7EF5068D922}"
EndProject
Project("{FAE04EC0-301F-11D3-BF4B-00C04F79EFBC}") = "McpServer.Web.Tests", "tests\McpServer.Web.Tests\McpServer.Web.Tests.csproj", "{87CFA4C9-3383-4A44-A8E3-08A025BB9A49}"
EndProject
Project("{FAE04EC0-301F-11D3-BF4B-00C04F79EFBC}") = "McpServer.Web", "src\McpServer.Web\McpServer.Web.csproj", "{96C9343B-EC06-4E4E-A405-8F98DDB04835}"
EndProject
Project("{FAE04EC0-301F-11D3-BF4B-00C04F79EFBC}") = "McpServerManager.Core.Tests", "tests\McpServerManager.Core.Tests\McpServerManager.Core.Tests.csproj", "{7DB7FB1D-4D52-4C70-B53C-77C0B3F56AF7}"
EndProject
Project("{FAE04EC0-301F-11D3-BF4B-00C04F79EFBC}") = "McpServerManager.Desktop.Tests", "tests\McpServerManager.Desktop.Tests\McpServerManager.Desktop.Tests.csproj", "{BE32426E-CF8B-456A-9ECF-C6B0B86D9E06}"
EndProject
Project("{FAE04EC0-301F-11D3-BF4B-00C04F79EFBC}") = "McpServer.VsExtension.McpTodo.Vsix", "src\McpServer.VsExtension.McpTodo.Vsix\McpServer.VsExtension.McpTodo.Vsix.csproj", "{576EC5F4-1C16-4796-9CC0-3DD4EF119243}"
EndProject
Project("{2150E333-8FDC-42A3-9474-1A3956D46DE8}") = "tests", "tests", "{9897A8EA-E873-9B68-C2F6-10D3BFE97FAA}"
EndProject
Project("{FAE04EC0-301F-11D3-BF4B-00C04F79EFBC}") = "McpServer.Common.Copilot", "lib\McpServer\src\McpServer.Common.Copilot\McpServer.Common.Copilot.csproj", "{6F5701FC-F0DF-415C-9484-13EFD36E11CB}"
EndProject
Global
	GlobalSection(SolutionConfigurationPlatforms) = preSolution
		Debug|Any CPU = Debug|Any CPU
		Debug|x64 = Debug|x64
		Debug|x86 = Debug|x86
		Release|Any CPU = Release|Any CPU
		Release|x64 = Release|x64
		Release|x86 = Release|x86
	EndGlobalSection
	GlobalSection(ProjectConfigurationPlatforms) = postSolution
		{78112B44-C270-498E-A351-D84895155616}.Debug|Any CPU.ActiveCfg = Debug|Any CPU
		{78112B44-C270-498E-A351-D84895155616}.Debug|Any CPU.Build.0 = Debug|Any CPU
		{78112B44-C270-498E-A351-D84895155616}.Debug|x64.ActiveCfg = Debug|Any CPU
		{78112B44-C270-498E-A351-D84895155616}.Debug|x64.Build.0 = Debug|Any CPU
		{78112B44-C270-498E-A351-D84895155616}.Debug|x86.ActiveCfg = Debug|Any CPU
		{78112B44-C270-498E-A351-D84895155616}.Debug|x86.Build.0 = Debug|Any CPU
		{78112B44-C270-498E-A351-D84895155616}.Release|Any CPU.ActiveCfg = Release|Any CPU
		{78112B44-C270-498E-A351-D84895155616}.Release|Any CPU.Build.0 = Release|Any CPU
		{78112B44-C270-498E-A351-D84895155616}.Release|x64.ActiveCfg = Release|Any CPU
		{78112B44-C270-498E-A351-D84895155616}.Release|x64.Build.0 = Release|Any CPU
		{78112B44-C270-498E-A351-D84895155616}.Release|x86.ActiveCfg = Release|Any CPU
		{78112B44-C270-498E-A351-D84895155616}.Release|x86.Build.0 = Release|Any CPU
		{83769541-6700-499B-A1A0-48923C8B5019}.Debug|Any CPU.ActiveCfg = Debug|Any CPU
		{83769541-6700-499B-A1A0-48923C8B5019}.Debug|Any CPU.Build.0 = Debug|Any CPU
		{83769541-6700-499B-A1A0-48923C8B5019}.Debug|x64.ActiveCfg = Debug|Any CPU
		{83769541-6700-499B-A1A0-48923C8B5019}.Debug|x64.Build.0 = Debug|Any CPU
		{83769541-6700-499B-A1A0-48923C8B5019}.Debug|x86.ActiveCfg = Debug|Any CPU
		{83769541-6700-499B-A1A0-48923C8B5019}.Debug|x86.Build.0 = Debug|Any CPU
		{83769541-6700-499B-A1A0-48923C8B5019}.Release|Any CPU.ActiveCfg = Release|Any CPU
		{83769541-6700-499B-A1A0-48923C8B5019}.Release|Any CPU.Build.0 = Release|Any CPU
		{83769541-6700-499B-A1A0-48923C8B5019}.Release|x64.ActiveCfg = Release|Any CPU
		{83769541-6700-499B-A1A0-48923C8B5019}.Release|x64.Build.0 = Release|Any CPU
		{83769541-6700-499B-A1A0-48923C8B5019}.Release|x86.ActiveCfg = Release|Any CPU
		{83769541-6700-499B-A1A0-48923C8B5019}.Release|x86.Build.0 = Release|Any CPU
		{2EFD8689-5023-4EE9-A40B-0EF5D8495C93}.Debug|Any CPU.ActiveCfg = Debug|Any CPU
		{2EFD8689-5023-4EE9-A40B-0EF5D8495C93}.Debug|Any CPU.Build.0 = Debug|Any CPU
		{2EFD8689-5023-4EE9-A40B-0EF5D8495C93}.Debug|x64.ActiveCfg = Debug|x64
		{2EFD8689-5023-4EE9-A40B-0EF5D8495C93}.Debug|x64.Build.0 = Debug|x64
		{2EFD8689-5023-4EE9-A40B-0EF5D8495C93}.Debug|x86.ActiveCfg = Debug|x86
		{2EFD8689-5023-4EE9-A40B-0EF5D8495C93}.Debug|x86.Build.0 = Debug|x86
		{2EFD8689-5023-4EE9-A40B-0EF5D8495C93}.Release|Any CPU.ActiveCfg = Release|Any CPU
		{2EFD8689-5023-4EE9-A40B-0EF5D8495C93}.Release|Any CPU.Build.0 = Release|Any CPU
		{2EFD8689-5023-4EE9-A40B-0EF5D8495C93}.Release|x64.ActiveCfg = Release|x64
		{2EFD8689-5023-4EE9-A40B-0EF5D8495C93}.Release|x64.Build.0 = Release|x64
		{2EFD8689-5023-4EE9-A40B-0EF5D8495C93}.Release|x86.ActiveCfg = Release|x86
		{2EFD8689-5023-4EE9-A40B-0EF5D8495C93}.Release|x86.Build.0 = Release|x86
		{88B903EE-8429-4169-84BD-B82BACCF055A}.Debug|Any CPU.ActiveCfg = Debug|Any CPU
		{88B903EE-8429-4169-84BD-B82BACCF055A}.Debug|Any CPU.Build.0 = Debug|Any CPU
		{88B903EE-8429-4169-84BD-B82BACCF055A}.Debug|x64.ActiveCfg = Debug|Any CPU
		{88B903EE-8429-4169-84BD-B82BACCF055A}.Debug|x64.Build.0 = Debug|Any CPU
		{88B903EE-8429-4169-84BD-B82BACCF055A}.Debug|x86.ActiveCfg = Debug|Any CPU
		{88B903EE-8429-4169-84BD-B82BACCF055A}.Debug|x86.Build.0 = Debug|Any CPU
		{88B903EE-8429-4169-84BD-B82BACCF055A}.Release|Any CPU.ActiveCfg = Release|Any CPU
		{88B903EE-8429-4169-84BD-B82BACCF055A}.Release|Any CPU.Build.0 = Release|Any CPU
		{88B903EE-8429-4169-84BD-B82BACCF055A}.Release|x64.ActiveCfg = Release|Any CPU
		{88B903EE-8429-4169-84BD-B82BACCF055A}.Release|x64.Build.0 = Release|Any CPU
		{88B903EE-8429-4169-84BD-B82BACCF055A}.Release|x86.ActiveCfg = Release|Any CPU
		{88B903EE-8429-4169-84BD-B82BACCF055A}.Release|x86.Build.0 = Release|Any CPU
		{40882868-2920-499E-AEDF-0EA3D317A38A}.Debug|Any CPU.ActiveCfg = Debug|Any CPU
		{40882868-2920-499E-AEDF-0EA3D317A38A}.Debug|Any CPU.Build.0 = Debug|Any CPU
		{40882868-2920-499E-AEDF-0EA3D317A38A}.Debug|x64.ActiveCfg = Debug|Any CPU
		{40882868-2920-499E-AEDF-0EA3D317A38A}.Debug|x64.Build.0 = Debug|Any CPU
		{40882868-2920-499E-AEDF-0EA3D317A38A}.Debug|x86.ActiveCfg = Debug|Any CPU
		{40882868-2920-499E-AEDF-0EA3D317A38A}.Debug|x86.Build.0 = Debug|Any CPU
		{40882868-2920-499E-AEDF-0EA3D317A38A}.Release|Any CPU.ActiveCfg = Release|Any CPU
		{40882868-2920-499E-AEDF-0EA3D317A38A}.Release|Any CPU.Build.0 = Release|Any CPU
		{40882868-2920-499E-AEDF-0EA3D317A38A}.Release|x64.ActiveCfg = Release|Any CPU
		{40882868-2920-499E-AEDF-0EA3D317A38A}.Release|x64.Build.0 = Release|Any CPU
		{40882868-2920-499E-AEDF-0EA3D317A38A}.Release|x86.ActiveCfg = Release|Any CPU
		{40882868-2920-499E-AEDF-0EA3D317A38A}.Release|x86.Build.0 = Release|Any CPU
		{CAAE8835-02FF-415E-BF84-20586FB3F604}.Debug|Any CPU.ActiveCfg = Debug|Any CPU
		{CAAE8835-02FF-415E-BF84-20586FB3F604}.Debug|Any CPU.Build.0 = Debug|Any CPU
		{CAAE8835-02FF-415E-BF84-20586FB3F604}.Debug|x64.ActiveCfg = Debug|Any CPU
		{CAAE8835-02FF-415E-BF84-20586FB3F604}.Debug|x64.Build.0 = Debug|Any CPU
		{CAAE8835-02FF-415E-BF84-20586FB3F604}.Debug|x86.ActiveCfg = Debug|Any CPU
		{CAAE8835-02FF-415E-BF84-20586FB3F604}.Debug|x86.Build.0 = Debug|Any CPU
		{CAAE8835-02FF-415E-BF84-20586FB3F604}.Release|Any CPU.ActiveCfg = Release|Any CPU
		{CAAE8835-02FF-415E-BF84-20586FB3F604}.Release|Any CPU.Build.0 = Release|Any CPU
		{CAAE8835-02FF-415E-BF84-20586FB3F604}.Release|x64.ActiveCfg = Release|Any CPU
		{CAAE8835-02FF-415E-BF84-20586FB3F604}.Release|x64.Build.0 = Release|Any CPU
		{CAAE8835-02FF-415E-BF84-20586FB3F604}.Release|x86.ActiveCfg = Release|Any CPU
		{CAAE8835-02FF-415E-BF84-20586FB3F604}.Release|x86.Build.0 = Release|Any CPU
		{273D7CE9-5F81-4936-9BD9-6E8EA11C6983}.Debug|Any CPU.ActiveCfg = Debug|Any CPU
		{273D7CE9-5F81-4936-9BD9-6E8EA11C6983}.Debug|Any CPU.Build.0 = Debug|Any CPU
		{273D7CE9-5F81-4936-9BD9-6E8EA11C6983}.Debug|x64.ActiveCfg = Debug|Any CPU
		{273D7CE9-5F81-4936-9BD9-6E8EA11C6983}.Debug|x64.Build.0 = Debug|Any CPU
		{273D7CE9-5F81-4936-9BD9-6E8EA11C6983}.Debug|x86.ActiveCfg = Debug|Any CPU
		{273D7CE9-5F81-4936-9BD9-6E8EA11C6983}.Debug|x86.Build.0 = Debug|Any CPU
		{273D7CE9-5F81-4936-9BD9-6E8EA11C6983}.Release|Any CPU.ActiveCfg = Release|Any CPU
		{273D7CE9-5F81-4936-9BD9-6E8EA11C6983}.Release|Any CPU.Build.0 = Release|Any CPU
		{273D7CE9-5F81-4936-9BD9-6E8EA11C6983}.Release|x64.ActiveCfg = Release|Any CPU
		{273D7CE9-5F81-4936-9BD9-6E8EA11C6983}.Release|x64.Build.0 = Release|Any CPU
		{273D7CE9-5F81-4936-9BD9-6E8EA11C6983}.Release|x86.ActiveCfg = Release|Any CPU
		{273D7CE9-5F81-4936-9BD9-6E8EA11C6983}.Release|x86.Build.0 = Release|Any CPU
		{07190C6A-D6DB-4D82-86BD-7D41525367A2}.Debug|Any CPU.ActiveCfg = Debug|Any CPU
		{07190C6A-D6DB-4D82-86BD-7D41525367A2}.Debug|Any CPU.Build.0 = Debug|Any CPU
		{07190C6A-D6DB-4D82-86BD-7D41525367A2}.Debug|x64.ActiveCfg = Debug|Any CPU
		{07190C6A-D6DB-4D82-86BD-7D41525367A2}.Debug|x64.Build.0 = Debug|Any CPU
		{07190C6A-D6DB-4D82-86BD-7D41525367A2}.Debug|x86.ActiveCfg = Debug|Any CPU
		{07190C6A-D6DB-4D82-86BD-7D41525367A2}.Debug|x86.Build.0 = Debug|Any CPU
		{07190C6A-D6DB-4D82-86BD-7D41525367A2}.Release|Any CPU.ActiveCfg = Release|Any CPU
		{07190C6A-D6DB-4D82-86BD-7D41525367A2}.Release|Any CPU.Build.0 = Release|Any CPU
		{07190C6A-D6DB-4D82-86BD-7D41525367A2}.Release|x64.ActiveCfg = Release|Any CPU
		{07190C6A-D6DB-4D82-86BD-7D41525367A2}.Release|x64.Build.0 = Release|Any CPU
		{07190C6A-D6DB-4D82-86BD-7D41525367A2}.Release|x86.ActiveCfg = Release|Any CPU
		{07190C6A-D6DB-4D82-86BD-7D41525367A2}.Release|x86.Build.0 = Release|Any CPU
		{9E2D7E5E-5614-48B4-AC36-5DD2628D9420}.Debug|Any CPU.ActiveCfg = Debug|Any CPU
		{9E2D7E5E-5614-48B4-AC36-5DD2628D9420}.Debug|Any CPU.Build.0 = Debug|Any CPU
		{9E2D7E5E-5614-48B4-AC36-5DD2628D9420}.Debug|x64.ActiveCfg = Debug|Any CPU
		{9E2D7E5E-5614-48B4-AC36-5DD2628D9420}.Debug|x64.Build.0 = Debug|Any CPU
		{9E2D7E5E-5614-48B4-AC36-5DD2628D9420}.Debug|x86.ActiveCfg = Debug|Any CPU
		{9E2D7E5E-5614-48B4-AC36-5DD2628D9420}.Debug|x86.Build.0 = Debug|Any CPU
		{9E2D7E5E-5614-48B4-AC36-5DD2628D9420}.Release|Any CPU.ActiveCfg = Release|Any CPU
		{9E2D7E5E-5614-48B4-AC36-5DD2628D9420}.Release|Any CPU.Build.0 = Release|Any CPU
		{9E2D7E5E-5614-48B4-AC36-5DD2628D9420}.Release|x64.ActiveCfg = Release|Any CPU
		{9E2D7E5E-5614-48B4-AC36-5DD2628D9420}.Release|x64.Build.0 = Release|Any CPU
		{9E2D7E5E-5614-48B4-AC36-5DD2628D9420}.Release|x86.ActiveCfg = Release|Any CPU
		{9E2D7E5E-5614-48B4-AC36-5DD2628D9420}.Release|x86.Build.0 = Release|Any CPU
		{58E90F86-2A43-4DDF-B325-5EABE459D20D}.Debug|Any CPU.ActiveCfg = Debug|Any CPU
		{58E90F86-2A43-4DDF-B325-5EABE459D20D}.Debug|Any CPU.Build.0 = Debug|Any CPU
		{58E90F86-2A43-4DDF-B325-5EABE459D20D}.Debug|x64.ActiveCfg = Debug|Any CPU
		{58E90F86-2A43-4DDF-B325-5EABE459D20D}.Debug|x64.Build.0 = Debug|Any CPU
		{58E90F86-2A43-4DDF-B325-5EABE459D20D}.Debug|x86.ActiveCfg = Debug|Any CPU
		{58E90F86-2A43-4DDF-B325-5EABE459D20D}.Debug|x86.Build.0 = Debug|Any CPU
		{58E90F86-2A43-4DDF-B325-5EABE459D20D}.Release|Any CPU.ActiveCfg = Release|Any CPU
		{58E90F86-2A43-4DDF-B325-5EABE459D20D}.Release|Any CPU.Build.0 = Release|Any CPU
		{58E90F86-2A43-4DDF-B325-5EABE459D20D}.Release|x64.ActiveCfg = Release|Any CPU
		{58E90F86-2A43-4DDF-B325-5EABE459D20D}.Release|x64.Build.0 = Release|Any CPU
		{58E90F86-2A43-4DDF-B325-5EABE459D20D}.Release|x86.ActiveCfg = Release|Any CPU
		{58E90F86-2A43-4DDF-B325-5EABE459D20D}.Release|x86.Build.0 = Release|Any CPU
		{B3E9DEF7-D94A-43D2-B86B-C7EF5068D922}.Debug|Any CPU.ActiveCfg = Debug|Any CPU
		{B3E9DEF7-D94A-43D2-B86B-C7EF5068D922}.Debug|Any CPU.Build.0 = Debug|Any CPU
		{B3E9DEF7-D94A-43D2-B86B-C7EF5068D922}.Debug|x64.ActiveCfg = Debug|x64
		{B3E9DEF7-D94A-43D2-B86B-C7EF5068D922}.Debug|x64.Build.0 = Debug|x64
		{B3E9DEF7-D94A-43D2-B86B-C7EF5068D922}.Debug|x86.ActiveCfg = Debug|x86
		{B3E9DEF7-D94A-43D2-B86B-C7EF5068D922}.Debug|x86.Build.0 = Debug|x86
		{B3E9DEF7-D94A-43D2-B86B-C7EF5068D922}.Release|Any CPU.ActiveCfg = Release|Any CPU
		{B3E9DEF7-D94A-43D2-B86B-C7EF5068D922}.Release|Any CPU.Build.0 = Release|Any CPU
		{B3E9DEF7-D94A-43D2-B86B-C7EF5068D922}.Release|x64.ActiveCfg = Release|x64
		{B3E9DEF7-D94A-43D2-B86B-C7EF5068D922}.Release|x64.Build.0 = Release|x64
		{B3E9DEF7-D94A-43D2-B86B-C7EF5068D922}.Release|x86.ActiveCfg = Release|x86
		{B3E9DEF7-D94A-43D2-B86B-C7EF5068D922}.Release|x86.Build.0 = Release|x86
		{87CFA4C9-3383-4A44-A8E3-08A025BB9A49}.Debug|Any CPU.ActiveCfg = Debug|Any CPU
		{87CFA4C9-3383-4A44-A8E3-08A025BB9A49}.Debug|Any CPU.Build.0 = Debug|Any CPU
		{87CFA4C9-3383-4A44-A8E3-08A025BB9A49}.Debug|x64.ActiveCfg = Debug|x64
		{87CFA4C9-3383-4A44-A8E3-08A025BB9A49}.Debug|x64.Build.0 = Debug|x64
		{87CFA4C9-3383-4A44-A8E3-08A025BB9A49}.Debug|x86.ActiveCfg = Debug|x86
		{87CFA4C9-3383-4A44-A8E3-08A025BB9A49}.Debug|x86.Build.0 = Debug|x86
		{87CFA4C9-3383-4A44-A8E3-08A025BB9A49}.Release|Any CPU.ActiveCfg = Release|Any CPU
		{87CFA4C9-3383-4A44-A8E3-08A025BB9A49}.Release|Any CPU.Build.0 = Release|Any CPU
		{87CFA4C9-3383-4A44-A8E3-08A025BB9A49}.Release|x64.ActiveCfg = Release|x64
		{87CFA4C9-3383-4A44-A8E3-08A025BB9A49}.Release|x64.Build.0 = Release|x64
		{87CFA4C9-3383-4A44-A8E3-08A025BB9A49}.Release|x86.ActiveCfg = Release|x86
		{87CFA4C9-3383-4A44-A8E3-08A025BB9A49}.Release|x86.Build.0 = Release|x86
		{96C9343B-EC06-4E4E-A405-8F98DDB04835}.Debug|Any CPU.ActiveCfg = Debug|Any CPU
		{96C9343B-EC06-4E4E-A405-8F98DDB04835}.Debug|Any CPU.Build.0 = Debug|Any CPU
		{96C9343B-EC06-4E4E-A405-8F98DDB04835}.Debug|x64.ActiveCfg = Debug|x64
		{96C9343B-EC06-4E4E-A405-8F98DDB04835}.Debug|x64.Build.0 = Debug|x64
		{96C9343B-EC06-4E4E-A405-8F98DDB04835}.Debug|x86.ActiveCfg = Debug|x86
		{96C9343B-EC06-4E4E-A405-8F98DDB04835}.Debug|x86.Build.0 = Debug|x86
		{96C9343B-EC06-4E4E-A405-8F98DDB04835}.Release|Any CPU.ActiveCfg = Release|Any CPU
		{96C9343B-EC06-4E4E-A405-8F98DDB04835}.Release|Any CPU.Build.0 = Release|Any CPU
		{96C9343B-EC06-4E4E-A405-8F98DDB04835}.Release|x64.ActiveCfg = Release|x64
		{96C9343B-EC06-4E4E-A405-8F98DDB04835}.Release|x64.Build.0 = Release|x64
		{96C9343B-EC06-4E4E-A405-8F98DDB04835}.Release|x86.ActiveCfg = Release|x86
		{96C9343B-EC06-4E4E-A405-8F98DDB04835}.Release|x86.Build.0 = Release|x86
		{7DB7FB1D-4D52-4C70-B53C-77C0B3F56AF7}.Debug|Any CPU.ActiveCfg = Debug|Any CPU
		{7DB7FB1D-4D52-4C70-B53C-77C0B3F56AF7}.Debug|Any CPU.Build.0 = Debug|Any CPU
		{7DB7FB1D-4D52-4C70-B53C-77C0B3F56AF7}.Debug|x64.ActiveCfg = Debug|Any CPU
		{7DB7FB1D-4D52-4C70-B53C-77C0B3F56AF7}.Debug|x64.Build.0 = Debug|Any CPU
		{7DB7FB1D-4D52-4C70-B53C-77C0B3F56AF7}.Debug|x86.ActiveCfg = Debug|Any CPU
		{7DB7FB1D-4D52-4C70-B53C-77C0B3F56AF7}.Debug|x86.Build.0 = Debug|Any CPU
		{7DB7FB1D-4D52-4C70-B53C-77C0B3F56AF7}.Release|Any CPU.ActiveCfg = Release|Any CPU
		{7DB7FB1D-4D52-4C70-B53C-77C0B3F56AF7}.Release|Any CPU.Build.0 = Release|Any CPU
		{7DB7FB1D-4D52-4C70-B53C-77C0B3F56AF7}.Release|x64.ActiveCfg = Release|Any CPU
		{7DB7FB1D-4D52-4C70-B53C-77C0B3F56AF7}.Release|x64.Build.0 = Release|Any CPU
		{7DB7FB1D-4D52-4C70-B53C-77C0B3F56AF7}.Release|x86.ActiveCfg = Release|Any CPU
		{7DB7FB1D-4D52-4C70-B53C-77C0B3F56AF7}.Release|x86.Build.0 = Release|Any CPU
		{BE32426E-CF8B-456A-9ECF-C6B0B86D9E06}.Debug|Any CPU.ActiveCfg = Debug|Any CPU
		{BE32426E-CF8B-456A-9ECF-C6B0B86D9E06}.Debug|Any CPU.Build.0 = Debug|Any CPU
		{BE32426E-CF8B-456A-9ECF-C6B0B86D9E06}.Debug|x64.ActiveCfg = Debug|Any CPU
		{BE32426E-CF8B-456A-9ECF-C6B0B86D9E06}.Debug|x64.Build.0 = Debug|Any CPU
		{BE32426E-CF8B-456A-9ECF-C6B0B86D9E06}.Debug|x86.ActiveCfg = Debug|Any CPU
		{BE32426E-CF8B-456A-9ECF-C6B0B86D9E06}.Debug|x86.Build.0 = Debug|Any CPU
		{BE32426E-CF8B-456A-9ECF-C6B0B86D9E06}.Release|Any CPU.ActiveCfg = Release|Any CPU
		{BE32426E-CF8B-456A-9ECF-C6B0B86D9E06}.Release|Any CPU.Build.0 = Release|Any CPU
		{BE32426E-CF8B-456A-9ECF-C6B0B86D9E06}.Release|x64.ActiveCfg = Release|Any CPU
		{BE32426E-CF8B-456A-9ECF-C6B0B86D9E06}.Release|x64.Build.0 = Release|Any CPU
		{BE32426E-CF8B-456A-9ECF-C6B0B86D9E06}.Release|x86.ActiveCfg = Release|Any CPU
		{BE32426E-CF8B-456A-9ECF-C6B0B86D9E06}.Release|x86.Build.0 = Release|Any CPU
		{576EC5F4-1C16-4796-9CC0-3DD4EF119243}.Debug|Any CPU.ActiveCfg = Debug|Any CPU
		{576EC5F4-1C16-4796-9CC0-3DD4EF119243}.Debug|Any CPU.Build.0 = Debug|Any CPU
		{576EC5F4-1C16-4796-9CC0-3DD4EF119243}.Debug|x64.ActiveCfg = Debug|Any CPU
		{576EC5F4-1C16-4796-9CC0-3DD4EF119243}.Debug|x64.Build.0 = Debug|Any CPU
		{576EC5F4-1C16-4796-9CC0-3DD4EF119243}.Debug|x86.ActiveCfg = Debug|Any CPU
		{576EC5F4-1C16-4796-9CC0-3DD4EF119243}.Debug|x86.Build.0 = Debug|Any CPU
		{576EC5F4-1C16-4796-9CC0-3DD4EF119243}.Release|Any CPU.ActiveCfg = Release|Any CPU
		{576EC5F4-1C16-4796-9CC0-3DD4EF119243}.Release|Any CPU.Build.0 = Release|Any CPU
		{576EC5F4-1C16-4796-9CC0-3DD4EF119243}.Release|x64.ActiveCfg = Release|Any CPU
		{576EC5F4-1C16-4796-9CC0-3DD4EF119243}.Release|x64.Build.0 = Release|Any CPU
		{576EC5F4-1C16-4796-9CC0-3DD4EF119243}.Release|x86.ActiveCfg = Release|Any CPU
		{576EC5F4-1C16-4796-9CC0-3DD4EF119243}.Release|x86.Build.0 = Release|Any CPU
		{6F5701FC-F0DF-415C-9484-13EFD36E11CB}.Debug|Any CPU.ActiveCfg = Debug|Any CPU
		{6F5701FC-F0DF-415C-9484-13EFD36E11CB}.Debug|Any CPU.Build.0 = Debug|Any CPU
		{6F5701FC-F0DF-415C-9484-13EFD36E11CB}.Debug|x64.ActiveCfg = Debug|x64
		{6F5701FC-F0DF-415C-9484-13EFD36E11CB}.Debug|x64.Build.0 = Debug|x64
		{6F5701FC-F0DF-415C-9484-13EFD36E11CB}.Debug|x86.ActiveCfg = Debug|x86
		{6F5701FC-F0DF-415C-9484-13EFD36E11CB}.Debug|x86.Build.0 = Debug|x86
		{6F5701FC-F0DF-415C-9484-13EFD36E11CB}.Release|Any CPU.ActiveCfg = Release|Any CPU
		{6F5701FC-F0DF-415C-9484-13EFD36E11CB}.Release|Any CPU.Build.0 = Release|Any CPU
		{6F5701FC-F0DF-415C-9484-13EFD36E11CB}.Release|x64.ActiveCfg = Release|x64
		{6F5701FC-F0DF-415C-9484-13EFD36E11CB}.Release|x64.Build.0 = Release|x64
		{6F5701FC-F0DF-415C-9484-13EFD36E11CB}.Release|x86.ActiveCfg = Release|x86
		{6F5701FC-F0DF-415C-9484-13EFD36E11CB}.Release|x86.Build.0 = Release|x86
	EndGlobalSection
	GlobalSection(SolutionProperties) = preSolution
		HideSolutionNode = FALSE
	EndGlobalSection
	GlobalSection(NestedProjects) = preSolution
		{78112B44-C270-498E-A351-D84895155616} = {827E0CD3-B72D-47B6-A68D-7590B98EB39B}
		{83769541-6700-499B-A1A0-48923C8B5019} = {827E0CD3-B72D-47B6-A68D-7590B98EB39B}
		{AC2490A8-6721-B82B-8F37-115021953299} = {3A8DF596-E814-FECC-DD4B-D8EF8AAC1A0D}
		{6AF42076-EE0C-549E-06B8-456F4C7181C1} = {AC2490A8-6721-B82B-8F37-115021953299}
		{2EFD8689-5023-4EE9-A40B-0EF5D8495C93} = {6AF42076-EE0C-549E-06B8-456F4C7181C1}
		{88B903EE-8429-4169-84BD-B82BACCF055A} = {827E0CD3-B72D-47B6-A68D-7590B98EB39B}
		{40882868-2920-499E-AEDF-0EA3D317A38A} = {6AF42076-EE0C-549E-06B8-456F4C7181C1}
		{CAAE8835-02FF-415E-BF84-20586FB3F604} = {6AF42076-EE0C-549E-06B8-456F4C7181C1}
		{273D7CE9-5F81-4936-9BD9-6E8EA11C6983} = {827E0CD3-B72D-47B6-A68D-7590B98EB39B}
		{07190C6A-D6DB-4D82-86BD-7D41525367A2} = {827E0CD3-B72D-47B6-A68D-7590B98EB39B}
		{9E2D7E5E-5614-48B4-AC36-5DD2628D9420} = {0AB3BF05-4346-4AA6-1389-037BE0695223}
		{58E90F86-2A43-4DDF-B325-5EABE459D20D} = {827E0CD3-B72D-47B6-A68D-7590B98EB39B}
		{B3E9DEF7-D94A-43D2-B86B-C7EF5068D922} = {0AB3BF05-4346-4AA6-1389-037BE0695223}
		{87CFA4C9-3383-4A44-A8E3-08A025BB9A49} = {0AB3BF05-4346-4AA6-1389-037BE0695223}
		{96C9343B-EC06-4E4E-A405-8F98DDB04835} = {827E0CD3-B72D-47B6-A68D-7590B98EB39B}
		{7DB7FB1D-4D52-4C70-B53C-77C0B3F56AF7} = {0AB3BF05-4346-4AA6-1389-037BE0695223}
		{BE32426E-CF8B-456A-9ECF-C6B0B86D9E06} = {0AB3BF05-4346-4AA6-1389-037BE0695223}
		{576EC5F4-1C16-4796-9CC0-3DD4EF119243} = {827E0CD3-B72D-47B6-A68D-7590B98EB39B}
		{9897A8EA-E873-9B68-C2F6-10D3BFE97FAA} = {AC2490A8-6721-B82B-8F37-115021953299}
		{6F5701FC-F0DF-415C-9484-13EFD36E11CB} = {6AF42076-EE0C-549E-06B8-456F4C7181C1}
	EndGlobalSection
EndGlobal
